
Microsoft Visual Studio Solution File, Format Version 12.00
# Visual Studio Version 16
VisualStudioVersion = 16.0.30002.166
MinimumVisualStudioVersion = 10.0.40219.1
Project("{FAE04EC0-301F-11D3-BF4B-00C04F79EFBC}") = "WebApplication2", "WebApplication2\WebApplication2.csproj", "{9A5D58CE-B43F-4361-86CD-33C26B3D1388}"
EndProject
Global
	GlobalSection(SolutionConfigurationPlatforms) = preSolution
		Debug|Any CPU = Debug|Any CPU
		Release|Any CPU = Release|Any CPU
	EndGlobalSection
	GlobalSection(ProjectConfigurationPlatforms) = postSolution
		{9A5D58CE-B43F-4361-86CD-33C26B3D1388}.Debug|Any CPU.ActiveCfg = Debug|Any CPU
		{9A5D58CE-B43F-4361-86CD-33C26B3D1388}.Debug|Any CPU.Build.0 = Debug|Any CPU
		{9A5D58CE-B43F-4361-86CD-33C26B3D1388}.Release|Any CPU.ActiveCfg = Release|Any CPU
		{9A5D58CE-B43F-4361-86CD-33C26B3D1388}.Release|Any CPU.Build.0 = Release|Any CPU
	EndGlobalSection
	GlobalSection(SolutionProperties) = preSolution
		HideSolutionNode = FALSE
	EndGlobalSection
	GlobalSection(ExtensibilityGlobals) = postSolution
		SolutionGuid = {AC1FC1D1-A231-4087-8656-C73CC44CC279}
	EndGlobalSection
EndGlobal
